// !$*UTF8*$!
{
	archiveVersion = 1;
	classes = {
	};
	objectVersion = 70;
	objects = {

/* Begin PBXBuildFile section */
		948475212E65FC7200A1AE4B /* DayDetailView.swift in Sources */ = {isa = PBXBuildFile; fileRef = 9484751F2E65FC7200A1AE4B /* DayDetailView.swift */; };
		9484757E2E67A6B500A1AE4B /* SettingsView.swift in Sources */ = {isa = PBXBuildFile; fileRef = 9484757D2E67A6B100A1AE4B /* SettingsView.swift */; };
		E50000101A00000100000001 /* BellowsApp.swift in Sources */ = {isa = PBXBuildFile; fileRef = E50000AA1A00000100000001 /* BellowsApp.swift */; };
		E50000111A00000100000001 /* HomeView.swift in Sources */ = {isa = PBXBuildFile; fileRef = E500001A1A00000100000001 /* HomeView.swift */; };
		E50000121A00000100000001 /* Models.swift in Sources */ = {isa = PBXBuildFile; fileRef = E500001B1A00000100000001 /* Models.swift */; };
		E50000131A00000100000001 /* Analytics.swift in Sources */ = {isa = PBXBuildFile; fileRef = E500001C1A00000100000001 /* Analytics.swift */; };
		E50000201A00000100000001 /* DesignSystem.swift in Sources */ = {isa = PBXBuildFile; fileRef = E50000251A00000100000001 /* DesignSystem.swift */; };
		E50000211A00000100000001 /* AppRootView.swift in Sources */ = {isa = PBXBuildFile; fileRef = E50000261A00000100000001 /* AppRootView.swift */; };
		E50000221A00000100000001 /* StreakHeaderView.swift in Sources */ = {isa = PBXBuildFile; fileRef = E50000271A00000100000001 /* StreakHeaderView.swift */; };
		E50000231A00000100000001 /* HistoryView.swift in Sources */ = {isa = PBXBuildFile; fileRef = E50000281A00000100000001 /* HistoryView.swift */; };
		E500002A1A00000100000001 /* StreakVisuals.swift in Sources */ = {isa = PBXBuildFile; fileRef = E500002B1A00000100000001 /* StreakVisuals.swift */; };
		E50000311A00000100000001 /* Assets.xcassets in Resources */ = {isa = PBXBuildFile; fileRef = E50000301A00000100000001 /* Assets.xcassets */; };
		E50010B11A00000100000001 /* Views/Sheets/AddExerciseItemSheet.swift in Sources */ = {isa = PBXBuildFile; fileRef = E50010A11A00000100000001 /* Views/Sheets/AddExerciseItemSheet.swift */; };
		E50010B21A00000100000001 /* Views/Sheets/EditExerciseItemSheet.swift in Sources */ = {isa = PBXBuildFile; fileRef = E50010A21A00000100000001 /* Views/Sheets/EditExerciseItemSheet.swift */; };
		E50010B31A00000100000001 /* Views/Sheets/EditExerciseTypeSheet.swift in Sources */ = {isa = PBXBuildFile; fileRef = E50010A31A00000100000001 /* Views/Sheets/EditExerciseTypeSheet.swift */; };
		E50010B41A00000100000001 /* Views/Sheets/NewExerciseTypeSheet.swift in Sources */ = {isa = PBXBuildFile; fileRef = E50010A41A00000100000001 /* Views/Sheets/NewExerciseTypeSheet.swift */; };
		E50010B51A00000100000001 /* Views/Sheets/NewUnitTypeSheet.swift in Sources */ = {isa = PBXBuildFile; fileRef = E50010A51A00000100000001 /* Views/Sheets/NewUnitTypeSheet.swift */; };
		E50010B61A00000100000001 /* Views/ManageExerciseTypesView.swift in Sources */ = {isa = PBXBuildFile; fileRef = E50010A61A00000100000001 /* Views/ManageExerciseTypesView.swift */; };
		E50010B71A00000100000001 /* Views/Components/ExerciseRowView.swift in Sources */ = {isa = PBXBuildFile; fileRef = E50010A71A00000100000001 /* Views/Components/ExerciseRowView.swift */; };
		E50010B81A00000100000001 /* Views/Components/ExerciseSelectionSection.swift in Sources */ = {isa = PBXBuildFile; fileRef = E50010A81A00000100000001 /* Views/Components/ExerciseSelectionSection.swift */; };
		E50010B91A00000100000001 /* Views/Components/HomeHeaderView.swift in Sources */ = {isa = PBXBuildFile; fileRef = E50010A91A00000100000001 /* Views/Components/HomeHeaderView.swift */; };
		E50010BA1A00000100000001 /* Views/Components/LogExerciseButton.swift in Sources */ = {isa = PBXBuildFile; fileRef = E50010AA1A00000100000001 /* Views/Components/LogExerciseButton.swift */; };
		E50010BB1A00000100000001 /* Views/Components/NoteSection.swift in Sources */ = {isa = PBXBuildFile; fileRef = E50010AB1A00000100000001 /* Views/Components/NoteSection.swift */; };
		E50010BC1A00000100000001 /* Views/Components/RatingsSection.swift in Sources */ = {isa = PBXBuildFile; fileRef = E50010AC1A00000100000001 /* Views/Components/RatingsSection.swift */; };
		E50010BD1A00000100000001 /* Views/Components/TodaysExercisesView.swift in Sources */ = {isa = PBXBuildFile; fileRef = E50010AD1A00000100000001 /* Views/Components/TodaysExercisesView.swift */; };
		E50010BE1A00000100000001 /* Helpers/ExerciseHelpers.swift in Sources */ = {isa = PBXBuildFile; fileRef = E50010AE1A00000100000001 /* Helpers/ExerciseHelpers.swift */; };
		E50010BF1A00000100000001 /* Services/SeedService.swift in Sources */ = {isa = PBXBuildFile; fileRef = E50010AF1A00000100000001 /* Services/SeedService.swift */; };
		E50010C01A00000100000001 /* Services/DedupService.swift in Sources */ = {isa = PBXBuildFile; fileRef = E50010B01A00000100000001 /* Services/DedupService.swift */; };
		E50020B11A00000100000001 /* ViewModels/ImportReviewViewModel.swift in Sources */ = {isa = PBXBuildFile; fileRef = E50020A11A00000100000001 /* ViewModels/ImportReviewViewModel.swift */; };
		E50020B21A00000100000001 /* Views/ImportReviewView.swift in Sources */ = {isa = PBXBuildFile; fileRef = E50020A21A00000100000001 /* Views/ImportReviewView.swift */; };
		E50020B31A00000100000001 /* Views/ImportItemDiffView.swift in Sources */ = {isa = PBXBuildFile; fileRef = E50020A31A00000100000001 /* Views/ImportItemDiffView.swift */; };
/* End PBXBuildFile section */

/* Begin PBXContainerItemProxy section */
		9484750C2E65FAFE00A1AE4B /* PBXContainerItemProxy */ = {
			isa = PBXContainerItemProxy;
			containerPortal = E50000001A00000100000001 /* Project object */;
			proxyType = 1;
			remoteGlobalIDString = E50000041A00000100000001;
			remoteInfo = Bellows;
		};
/* End PBXContainerItemProxy section */

/* Begin PBXFileReference section */
		940055DE2E64678F006840C8 /* Bellows.entitlements */ = {isa = PBXFileReference; lastKnownFileType = text.plist.entitlements; path = Bellows.entitlements; sourceTree = "<group>"; };
		948475082E65FAFE00A1AE4B /* BellowsTests.xctest */ = {isa = PBXFileReference; explicitFileType = wrapper.cfbundle; includeInIndex = 0; path = BellowsTests.xctest; sourceTree = BUILT_PRODUCTS_DIR; };
		9484751F2E65FC7200A1AE4B /* DayDetailView.swift */ = {isa = PBXFileReference; lastKnownFileType = sourcecode.swift; path = DayDetailView.swift; sourceTree = "<group>"; };
		9484757D2E67A6B100A1AE4B /* SettingsView.swift */ = {isa = PBXFileReference; lastKnownFileType = sourcecode.swift; path = SettingsView.swift; sourceTree = "<group>"; };
		E50000051A00000100000001 /* Bellows.app */ = {isa = PBXFileReference; explicitFileType = wrapper.application; includeInIndex = 0; path = Bellows.app; sourceTree = BUILT_PRODUCTS_DIR; };
		E50000151A00000100000001 /* Info.plist */ = {isa = PBXFileReference; lastKnownFileType = text.plist.xml; path = Info.plist; sourceTree = "<group>"; };
		E500001A1A00000100000001 /* HomeView.swift */ = {isa = PBXFileReference; lastKnownFileType = sourcecode.swift; path = HomeView.swift; sourceTree = "<group>"; };
		E500001B1A00000100000001 /* Models.swift */ = {isa = PBXFileReference; lastKnownFileType = sourcecode.swift; path = Models.swift; sourceTree = "<group>"; };
		E500001C1A00000100000001 /* Analytics.swift */ = {isa = PBXFileReference; lastKnownFileType = sourcecode.swift; path = Analytics.swift; sourceTree = "<group>"; };
		E50000251A00000100000001 /* DesignSystem.swift */ = {isa = PBXFileReference; lastKnownFileType = sourcecode.swift; path = DesignSystem.swift; sourceTree = "<group>"; };
		E50000261A00000100000001 /* AppRootView.swift */ = {isa = PBXFileReference; lastKnownFileType = sourcecode.swift; path = AppRootView.swift; sourceTree = "<group>"; };
		E50000271A00000100000001 /* StreakHeaderView.swift */ = {isa = PBXFileReference; lastKnownFileType = sourcecode.swift; path = StreakHeaderView.swift; sourceTree = "<group>"; };
		E50000281A00000100000001 /* HistoryView.swift */ = {isa = PBXFileReference; lastKnownFileType = sourcecode.swift; path = HistoryView.swift; sourceTree = "<group>"; };
		E500002B1A00000100000001 /* StreakVisuals.swift */ = {isa = PBXFileReference; lastKnownFileType = sourcecode.swift; path = StreakVisuals.swift; sourceTree = "<group>"; };
		E50000301A00000100000001 /* Assets.xcassets */ = {isa = PBXFileReference; lastKnownFileType = folder.assetcatalog; path = Assets.xcassets; sourceTree = "<group>"; };
		E50000AA1A00000100000001 /* BellowsApp.swift */ = {isa = PBXFileReference; lastKnownFileType = sourcecode.swift; path = BellowsApp.swift; sourceTree = "<group>"; };
		E50010A11A00000100000001 /* Views/Sheets/AddExerciseItemSheet.swift */ = {isa = PBXFileReference; lastKnownFileType = sourcecode.swift; path = Views/Sheets/AddExerciseItemSheet.swift; sourceTree = "<group>"; };
		E50010A21A00000100000001 /* Views/Sheets/EditExerciseItemSheet.swift */ = {isa = PBXFileReference; lastKnownFileType = sourcecode.swift; path = Views/Sheets/EditExerciseItemSheet.swift; sourceTree = "<group>"; };
		E50010A31A00000100000001 /* Views/Sheets/EditExerciseTypeSheet.swift */ = {isa = PBXFileReference; lastKnownFileType = sourcecode.swift; path = Views/Sheets/EditExerciseTypeSheet.swift; sourceTree = "<group>"; };
		E50010A41A00000100000001 /* Views/Sheets/NewExerciseTypeSheet.swift */ = {isa = PBXFileReference; lastKnownFileType = sourcecode.swift; path = Views/Sheets/NewExerciseTypeSheet.swift; sourceTree = "<group>"; };
		E50010A51A00000100000001 /* Views/Sheets/NewUnitTypeSheet.swift */ = {isa = PBXFileReference; lastKnownFileType = sourcecode.swift; path = Views/Sheets/NewUnitTypeSheet.swift; sourceTree = "<group>"; };
		E50010A61A00000100000001 /* Views/ManageExerciseTypesView.swift */ = {isa = PBXFileReference; lastKnownFileType = sourcecode.swift; path = Views/ManageExerciseTypesView.swift; sourceTree = "<group>"; };
		E50010A71A00000100000001 /* Views/Components/ExerciseRowView.swift */ = {isa = PBXFileReference; lastKnownFileType = sourcecode.swift; path = Views/Components/ExerciseRowView.swift; sourceTree = "<group>"; };
		E50010A81A00000100000001 /* Views/Components/ExerciseSelectionSection.swift */ = {isa = PBXFileReference; lastKnownFileType = sourcecode.swift; path = Views/Components/ExerciseSelectionSection.swift; sourceTree = "<group>"; };
		E50010A91A00000100000001 /* Views/Components/HomeHeaderView.swift */ = {isa = PBXFileReference; lastKnownFileType = sourcecode.swift; path = Views/Components/HomeHeaderView.swift; sourceTree = "<group>"; };
		E50010AA1A00000100000001 /* Views/Components/LogExerciseButton.swift */ = {isa = PBXFileReference; lastKnownFileType = sourcecode.swift; path = Views/Components/LogExerciseButton.swift; sourceTree = "<group>"; };
		E50010AB1A00000100000001 /* Views/Components/NoteSection.swift */ = {isa = PBXFileReference; lastKnownFileType = sourcecode.swift; path = Views/Components/NoteSection.swift; sourceTree = "<group>"; };
		E50010AC1A00000100000001 /* Views/Components/RatingsSection.swift */ = {isa = PBXFileReference; lastKnownFileType = sourcecode.swift; path = Views/Components/RatingsSection.swift; sourceTree = "<group>"; };
		E50010AD1A00000100000001 /* Views/Components/TodaysExercisesView.swift */ = {isa = PBXFileReference; lastKnownFileType = sourcecode.swift; path = Views/Components/TodaysExercisesView.swift; sourceTree = "<group>"; };
		E50010AE1A00000100000001 /* Helpers/ExerciseHelpers.swift */ = {isa = PBXFileReference; lastKnownFileType = sourcecode.swift; path = Helpers/ExerciseHelpers.swift; sourceTree = "<group>"; };
		E50010AF1A00000100000001 /* Services/SeedService.swift */ = {isa = PBXFileReference; lastKnownFileType = sourcecode.swift; path = Services/SeedService.swift; sourceTree = "<group>"; };
		E50010B01A00000100000001 /* Services/DedupService.swift */ = {isa = PBXFileReference; lastKnownFileType = sourcecode.swift; path = Services/DedupService.swift; sourceTree = "<group>"; };
		E50020A11A00000100000001 /* ViewModels/ImportReviewViewModel.swift */ = {isa = PBXFileReference; lastKnownFileType = sourcecode.swift; path = ViewModels/ImportReviewViewModel.swift; sourceTree = "<group>"; };
		E50020A21A00000100000001 /* Views/ImportReviewView.swift */ = {isa = PBXFileReference; lastKnownFileType = sourcecode.swift; path = Views/ImportReviewView.swift; sourceTree = "<group>"; };
		E50020A31A00000100000001 /* Views/ImportItemDiffView.swift */ = {isa = PBXFileReference; lastKnownFileType = sourcecode.swift; path = Views/ImportItemDiffView.swift; sourceTree = "<group>"; };
/* End PBXFileReference section */

/* Begin PBXFileSystemSynchronizedRootGroup section */
		948475092E65FAFE00A1AE4B /* BellowsTests */ = {isa = PBXFileSystemSynchronizedRootGroup; explicitFileTypes = {}; explicitFolders = (); path = BellowsTests; sourceTree = "<group>"; };
/* End PBXFileSystemSynchronizedRootGroup section */

/* Begin PBXFrameworksBuildPhase section */
		948475052E65FAFE00A1AE4B /* Frameworks */ = {
			isa = PBXFrameworksBuildPhase;
			buildActionMask = 2147483647;
			files = (
			);
			runOnlyForDeploymentPostprocessing = 0;
		};
		E50000021A00000100000001 /* Frameworks */ = {
			isa = PBXFrameworksBuildPhase;
			buildActionMask = 2147483647;
			files = (
			);
			runOnlyForDeploymentPostprocessing = 0;
		};
/* End PBXFrameworksBuildPhase section */

/* Begin PBXGroup section */
		E50000031A00000100000001 = {
			isa = PBXGroup;
			children = (
				E50000181A00000100000001 /* Bellows */,
				948475092E65FAFE00A1AE4B /* BellowsTests */,
				E50000061A00000100000001 /* Products */,
			);
			sourceTree = "<group>";
		};
		E50000061A00000100000001 /* Products */ = {
			isa = PBXGroup;
			children = (
				E50000051A00000100000001 /* Bellows.app */,
				948475082E65FAFE00A1AE4B /* BellowsTests.xctest */,
			);
			name = Products;
			sourceTree = "<group>";
		};
		E50000181A00000100000001 /* Bellows */ = {
			isa = PBXGroup;
			children = (
				9484757D2E67A6B100A1AE4B /* SettingsView.swift */,
				E500001C1A00000100000001 /* Analytics.swift */,
				E50000261A00000100000001 /* AppRootView.swift */,
				E50000301A00000100000001 /* Assets.xcassets */,
				940055DE2E64678F006840C8 /* Bellows.entitlements */,
				E50000AA1A00000100000001 /* BellowsApp.swift */,
				9484751F2E65FC7200A1AE4B /* DayDetailView.swift */,
				E50000251A00000100000001 /* DesignSystem.swift */,
				E50000281A00000100000001 /* HistoryView.swift */,
				E500001A1A00000100000001 /* HomeView.swift */,
				E50000151A00000100000001 /* Info.plist */,
				E500001B1A00000100000001 /* Models.swift */,
				E50000271A00000100000001 /* StreakHeaderView.swift */,
				E500002B1A00000100000001 /* StreakVisuals.swift */,
				E50010AE1A00000100000001 /* Helpers/ExerciseHelpers.swift */,
				E50010AF1A00000100000001 /* Services/SeedService.swift */,
				E50010B01A00000100000001 /* Services/DedupService.swift */,
				E50020A11A00000100000001 /* ViewModels/ImportReviewViewModel.swift */,
				E50010A71A00000100000001 /* Views/Components/ExerciseRowView.swift */,
				E50010A81A00000100000001 /* Views/Components/ExerciseSelectionSection.swift */,
				E50010A91A00000100000001 /* Views/Components/HomeHeaderView.swift */,
				E50010AA1A00000100000001 /* Views/Components/LogExerciseButton.swift */,
				E50010AB1A00000100000001 /* Views/Components/NoteSection.swift */,
				E50010AC1A00000100000001 /* Views/Components/RatingsSection.swift */,
				E50010AD1A00000100000001 /* Views/Components/TodaysExercisesView.swift */,
				E50020A31A00000100000001 /* Views/ImportItemDiffView.swift */,
				E50020A21A00000100000001 /* Views/ImportReviewView.swift */,
				E50010A11A00000100000001 /* Views/Sheets/AddExerciseItemSheet.swift */,
				E50010A21A00000100000001 /* Views/Sheets/EditExerciseItemSheet.swift */,
				E50010A31A00000100000001 /* Views/Sheets/EditExerciseTypeSheet.swift */,
				E50010A41A00000100000001 /* Views/Sheets/NewExerciseTypeSheet.swift */,
				E50010A51A00000100000001 /* Views/Sheets/NewUnitTypeSheet.swift */,
				E50010A61A00000100000001 /* Views/ManageExerciseTypesView.swift */,
			);
			path = Bellows;
			sourceTree = SOURCE_ROOT;
		};
/* End PBXGroup section */

/* Begin PBXNativeTarget section */
		948475072E65FAFE00A1AE4B /* BellowsTests */ = {
			isa = PBXNativeTarget;
			buildConfigurationList = 948475102E65FAFE00A1AE4B /* Build configuration list for PBXNativeTarget "BellowsTests" */;
			buildPhases = (
				948475042E65FAFE00A1AE4B /* Sources */,
				948475052E65FAFE00A1AE4B /* Frameworks */,
				948475062E65FAFE00A1AE4B /* Resources */,
			);
			buildRules = (
			);
			dependencies = (
				9484750D2E65FAFE00A1AE4B /* PBXTargetDependency */,
			);
			fileSystemSynchronizedGroups = (
				948475092E65FAFE00A1AE4B /* BellowsTests */,
			);
			name = BellowsTests;
			packageProductDependencies = (
			);
			productName = BellowsTests;
			productReference = 948475082E65FAFE00A1AE4B /* BellowsTests.xctest */;
			productType = "com.apple.product-type.bundle.unit-test";
		};
		E50000041A00000100000001 /* Bellows */ = {
			isa = PBXNativeTarget;
			buildConfigurationList = E50000141A00000100000001 /* Build configuration list for PBXNativeTarget "Bellows" */;
			buildPhases = (
				E50000011A00000100000001 /* Sources */,
				E50000021A00000100000001 /* Frameworks */,
				E50000031A00000100000002 /* Resources */,
			);
			buildRules = (
			);
			dependencies = (
			);
			name = Bellows;
			productName = Bellows;
			productReference = E50000051A00000100000001 /* Bellows.app */;
			productType = "com.apple.product-type.application";
		};
/* End PBXNativeTarget section */

/* Begin PBXProject section */
		E50000001A00000100000001 /* Project object */ = {
			isa = PBXProject;
			attributes = {
				BuildIndependentTargetsInParallel = YES;
				LastSwiftUpdateCheck = 2600;
				LastUpgradeCheck = 2600;
				TargetAttributes = {
					948475072E65FAFE00A1AE4B = {
						CreatedOnToolsVersion = 26.0;
						TestTargetID = E50000041A00000100000001;
					};
					E50000041A00000100000001 = {
						CreatedOnToolsVersion = 15.0;
					};
				};
			};
			buildConfigurationList = E50009991A00000100000001 /* Build configuration list for PBXProject "Bellows" */;
			compatibilityVersion = "Xcode 15.0";
			developmentRegion = en;
			hasScannedForEncodings = 0;
			knownRegions = (
				en,
				Base,
			);
			mainGroup = E50000031A00000100000001;
			productRefGroup = E50000061A00000100000001 /* Products */;
			projectDirPath = "";
			projectRoot = "";
			targets = (
				E50000041A00000100000001 /* Bellows */,
				948475072E65FAFE00A1AE4B /* BellowsTests */,
			);
		};
/* End PBXProject section */

/* Begin PBXResourcesBuildPhase section */
		948475062E65FAFE00A1AE4B /* Resources */ = {
			isa = PBXResourcesBuildPhase;
			buildActionMask = 2147483647;
			files = (
			);
			runOnlyForDeploymentPostprocessing = 0;
		};
		E50000031A00000100000002 /* Resources */ = {
			isa = PBXResourcesBuildPhase;
			buildActionMask = 2147483647;
			files = (
				E50000311A00000100000001 /* Assets.xcassets in Resources */,
			);
			runOnlyForDeploymentPostprocessing = 0;
		};
/* End PBXResourcesBuildPhase section */

/* Begin PBXSourcesBuildPhase section */
		948475042E65FAFE00A1AE4B /* Sources */ = {
			isa = PBXSourcesBuildPhase;
			buildActionMask = 2147483647;
			files = (
			);
			runOnlyForDeploymentPostprocessing = 0;
		};
		E50000011A00000100000001 /* Sources */ = {
			isa = PBXSourcesBuildPhase;
			buildActionMask = 2147483647;
			files = (
				E50000101A00000100000001 /* BellowsApp.swift in Sources */,
				E50000211A00000100000001 /* AppRootView.swift in Sources */,
				E50000111A00000100000001 /* HomeView.swift in Sources */,
				E50000121A00000100000001 /* Models.swift in Sources */,
				E50000131A00000100000001 /* Analytics.swift in Sources */,
				E50000201A00000100000001 /* DesignSystem.swift in Sources */,
				948475212E65FC7200A1AE4B /* DayDetailView.swift in Sources */,
				E50000221A00000100000001 /* StreakHeaderView.swift in Sources */,
				E50000231A00000100000001 /* HistoryView.swift in Sources */,
				9484757E2E67A6B500A1AE4B /* SettingsView.swift in Sources */,
				E500002A1A00000100000001 /* StreakVisuals.swift in Sources */,
				E50010BF1A00000100000001 /* Services/SeedService.swift in Sources */,
				E50010C01A00000100000001 /* Services/DedupService.swift in Sources */,
				E50010BE1A00000100000001 /* Helpers/ExerciseHelpers.swift in Sources */,
				E50010B11A00000100000001 /* Views/Sheets/AddExerciseItemSheet.swift in Sources */,
				E50010B21A00000100000001 /* Views/Sheets/EditExerciseItemSheet.swift in Sources */,
				E50010B31A00000100000001 /* Views/Sheets/EditExerciseTypeSheet.swift in Sources */,
				E50010B41A00000100000001 /* Views/Sheets/NewExerciseTypeSheet.swift in Sources */,
				E50010B51A00000100000001 /* Views/Sheets/NewUnitTypeSheet.swift in Sources */,
				E50010B61A00000100000001 /* Views/ManageExerciseTypesView.swift in Sources */,
				E50010B71A00000100000001 /* Views/Components/ExerciseRowView.swift in Sources */,
				E50010B81A00000100000001 /* Views/Components/ExerciseSelectionSection.swift in Sources */,
				E50010B91A00000100000001 /* Views/Components/HomeHeaderView.swift in Sources */,
				E50010BA1A00000100000001 /* Views/Components/LogExerciseButton.swift in Sources */,
				E50010BB1A00000100000001 /* Views/Components/NoteSection.swift in Sources */,
				E50010BC1A00000100000001 /* Views/Components/RatingsSection.swift in Sources */,
				E50010BD1A00000100000001 /* Views/Components/TodaysExercisesView.swift in Sources */,
				E50020B31A00000100000001 /* Views/ImportItemDiffView.swift in Sources */,
				E50020B11A00000100000001 /* ViewModels/ImportReviewViewModel.swift in Sources */,
				E50020B21A00000100000001 /* Views/ImportReviewView.swift in Sources */,
			);
			runOnlyForDeploymentPostprocessing = 0;
		};
/* End PBXSourcesBuildPhase section */

/* Begin PBXTargetDependency section */
		9484750D2E65FAFE00A1AE4B /* PBXTargetDependency */ = {
			isa = PBXTargetDependency;
			target = E50000041A00000100000001 /* Bellows */;
			targetProxy = 9484750C2E65FAFE00A1AE4B /* PBXContainerItemProxy */;
		};
/* End PBXTargetDependency section */

/* Begin XCBuildConfiguration section */
		9484750E2E65FAFE00A1AE4B /* Debug */ = {
			isa = XCBuildConfiguration;
			buildSettings = {
				ALWAYS_SEARCH_USER_PATHS = NO;
				BUNDLE_LOADER = "$(TEST_HOST)";
				CLANG_ANALYZER_NONNULL = YES;
				CLANG_ANALYZER_NUMBER_OBJECT_CONVERSION = YES_AGGRESSIVE;
				CLANG_CXX_LANGUAGE_STANDARD = "gnu++20";
				CLANG_ENABLE_MODULES = YES;
				CLANG_ENABLE_OBJC_ARC = YES;
				CLANG_ENABLE_OBJC_WEAK = YES;
				CLANG_WARN_DIRECT_OBJC_ISA_USAGE = YES_ERROR;
				CLANG_WARN_DOCUMENTATION_COMMENTS = YES;
				CLANG_WARN_OBJC_ROOT_CLASS = YES_ERROR;
				CLANG_WARN_UNGUARDED_AVAILABILITY = YES_AGGRESSIVE;
				CODE_SIGN_STYLE = Automatic;
				COPY_PHASE_STRIP = NO;
				CURRENT_PROJECT_VERSION = 1;
				DEBUG_INFORMATION_FORMAT = dwarf;
				DEVELOPMENT_TEAM = 777XX46HDU;
				GCC_C_LANGUAGE_STANDARD = gnu17;
				GCC_DYNAMIC_NO_PIC = NO;
				GCC_OPTIMIZATION_LEVEL = 0;
				GCC_PREPROCESSOR_DEFINITIONS = (
					"DEBUG=1",
					"$(inherited)",
				);
				GCC_WARN_ABOUT_RETURN_TYPE = YES_ERROR;
				GCC_WARN_UNINITIALIZED_AUTOS = YES_AGGRESSIVE;
				GENERATE_INFOPLIST_FILE = YES;
				IPHONEOS_DEPLOYMENT_TARGET = 26.0;
				LOCALIZATION_PREFERS_STRING_CATALOGS = YES;
				MACOSX_DEPLOYMENT_TARGET = 26.0;
				MARKETING_VERSION = 1.0;
				MTL_ENABLE_DEBUG_INFO = INCLUDE_SOURCE;
				MTL_FAST_MATH = YES;
				PRODUCT_BUNDLE_IDENTIFIER = com.ryanleewilliams.BellowsTests;
				PRODUCT_NAME = "$(TARGET_NAME)";
				SDKROOT = auto;
				STRING_CATALOG_GENERATE_SYMBOLS = NO;
				SUPPORTED_PLATFORMS = "iphoneos iphonesimulator macosx xros xrsimulator";
				SWIFT_ACTIVE_COMPILATION_CONDITIONS = "DEBUG $(inherited)";
				SWIFT_APPROACHABLE_CONCURRENCY = YES;
				SWIFT_EMIT_LOC_STRINGS = NO;
				SWIFT_OPTIMIZATION_LEVEL = "-Onone";
				SWIFT_UPCOMING_FEATURE_MEMBER_IMPORT_VISIBILITY = YES;
				SWIFT_VERSION = 5.0;
				TARGETED_DEVICE_FAMILY = "1,2,7";
				TEST_HOST = "$(BUILT_PRODUCTS_DIR)/Bellows.app/$(BUNDLE_EXECUTABLE_FOLDER_PATH)/Bellows";
				XROS_DEPLOYMENT_TARGET = 26.0;
			};
			name = Debug;
		};
		9484750F2E65FAFE00A1AE4B /* Release */ = {
			isa = XCBuildConfiguration;
			buildSettings = {
				ALWAYS_SEARCH_USER_PATHS = NO;
				BUNDLE_LOADER = "$(TEST_HOST)";
				CLANG_ANALYZER_NONNULL = YES;
				CLANG_ANALYZER_NUMBER_OBJECT_CONVERSION = YES_AGGRESSIVE;
				CLANG_CXX_LANGUAGE_STANDARD = "gnu++20";
				CLANG_ENABLE_MODULES = YES;
				CLANG_ENABLE_OBJC_ARC = YES;
				CLANG_ENABLE_OBJC_WEAK = YES;
				CLANG_WARN_DIRECT_OBJC_ISA_USAGE = YES_ERROR;
				CLANG_WARN_DOCUMENTATION_COMMENTS = YES;
				CLANG_WARN_OBJC_ROOT_CLASS = YES_ERROR;
				CLANG_WARN_UNGUARDED_AVAILABILITY = YES_AGGRESSIVE;
				CODE_SIGN_STYLE = Automatic;
				COPY_PHASE_STRIP = NO;
				CURRENT_PROJECT_VERSION = 1;
				DEBUG_INFORMATION_FORMAT = "dwarf-with-dsym";
				DEVELOPMENT_TEAM = 777XX46HDU;
				ENABLE_NS_ASSERTIONS = NO;
				ENABLE_USER_SCRIPT_SANDBOXING = YES;
				GCC_C_LANGUAGE_STANDARD = gnu17;
				GCC_WARN_ABOUT_RETURN_TYPE = YES_ERROR;
				GCC_WARN_UNINITIALIZED_AUTOS = YES_AGGRESSIVE;
				GENERATE_INFOPLIST_FILE = YES;
				IPHONEOS_DEPLOYMENT_TARGET = 26.0;
				LOCALIZATION_PREFERS_STRING_CATALOGS = YES;
				MACOSX_DEPLOYMENT_TARGET = 26.0;
				MARKETING_VERSION = 1.0;
				MTL_ENABLE_DEBUG_INFO = NO;
				MTL_FAST_MATH = YES;
				PRODUCT_BUNDLE_IDENTIFIER = com.ryanleewilliams.BellowsTests;
				PRODUCT_NAME = "$(TARGET_NAME)";
				SDKROOT = auto;
				STRING_CATALOG_GENERATE_SYMBOLS = NO;
				SUPPORTED_PLATFORMS = "iphoneos iphonesimulator macosx xros xrsimulator";
				SWIFT_APPROACHABLE_CONCURRENCY = YES;
				SWIFT_EMIT_LOC_STRINGS = NO;
				SWIFT_UPCOMING_FEATURE_MEMBER_IMPORT_VISIBILITY = YES;
				SWIFT_VERSION = 5.0;
				TARGETED_DEVICE_FAMILY = "1,2,7";
				TEST_HOST = "$(BUILT_PRODUCTS_DIR)/Bellows.app/$(BUNDLE_EXECUTABLE_FOLDER_PATH)/Bellows";
				XROS_DEPLOYMENT_TARGET = 26.0;
			};
			name = Release;
		};
		E50000111A00000100000002 /* Debug */ = {
			isa = XCBuildConfiguration;
			buildSettings = {
				ASSETCATALOG_COMPILER_APPICON_NAME = AppIcon;
				CLANG_ENABLE_MODULES = YES;
				CLANG_ENABLE_OBJC_WEAK = YES;
				CODE_SIGN_ENTITLEMENTS = Bellows/Bellows.entitlements;
				"CODE_SIGN_IDENTITY[sdk=macosx*]" = "Apple Development";
				CODE_SIGN_STYLE = Automatic;
				CURRENT_PROJECT_VERSION = 1;
				GENERATE_INFOPLIST_FILE = YES;
				INFOPLIST_FILE = Bellows/Info.plist;
				INFOPLIST_KEY_CFBundleDisplayName = Bellows;
				INFOPLIST_KEY_LSApplicationCategoryType = "public.app-category.healthcare-fitness";
				INFOPLIST_KEY_UILaunchScreen_Generation = YES;
				INFOPLIST_KEY_UIRequiresFullScreen = NO;
				INFOPLIST_KEY_UISupportedInterfaceOrientations = "UIInterfaceOrientationLandscapeLeft UIInterfaceOrientationLandscapeRight UIInterfaceOrientationPortrait UIInterfaceOrientationPortraitUpsideDown";
				IPHONEOS_DEPLOYMENT_TARGET = 17.0;
				LD_RUNPATH_SEARCH_PATHS = (
					"$(inherited)",
					"@executable_path/Frameworks",
				);
				MACOSX_DEPLOYMENT_TARGET = 14.0;
				PRODUCT_BUNDLE_IDENTIFIER = com.ryanleewilliams.Bellows;
				PRODUCT_NAME = Bellows;
				SDKROOT = iphoneos;
				SUPPORTED_PLATFORMS = "iphoneos iphonesimulator macosx";
				SUPPORTS_MACCATALYST = NO;
				SUPPORTS_MAC_DESIGNED_FOR_IPHONE_IPAD = NO;
				SWIFT_VERSION = 5.9;
				TARGETED_DEVICE_FAMILY = "1,2";
			};
			name = Debug;
		};
		E50000121A00000100000002 /* Release */ = {
			isa = XCBuildConfiguration;
			buildSettings = {
				ASSETCATALOG_COMPILER_APPICON_NAME = AppIcon;
				CLANG_ENABLE_MODULES = YES;
				CLANG_ENABLE_OBJC_WEAK = YES;
				CODE_SIGN_ENTITLEMENTS = Bellows/Bellows.entitlements;
				"CODE_SIGN_IDENTITY[sdk=macosx*]" = "Apple Development";
				CODE_SIGN_STYLE = Automatic;
				CURRENT_PROJECT_VERSION = 1;
				GENERATE_INFOPLIST_FILE = YES;
				INFOPLIST_FILE = Bellows/Info.plist;
				INFOPLIST_KEY_CFBundleDisplayName = Bellows;
				INFOPLIST_KEY_LSApplicationCategoryType = "public.app-category.healthcare-fitness";
				INFOPLIST_KEY_UILaunchScreen_Generation = YES;
				INFOPLIST_KEY_UIRequiresFullScreen = NO;
				INFOPLIST_KEY_UISupportedInterfaceOrientations = "UIInterfaceOrientationLandscapeLeft UIInterfaceOrientationLandscapeRight UIInterfaceOrientationPortrait UIInterfaceOrientationPortraitUpsideDown";
				IPHONEOS_DEPLOYMENT_TARGET = 17.0;
				LD_RUNPATH_SEARCH_PATHS = (
					"$(inherited)",
					"@executable_path/Frameworks",
				);
				MACOSX_DEPLOYMENT_TARGET = 14.0;
				PRODUCT_BUNDLE_IDENTIFIER = com.ryanleewilliams.Bellows;
				PRODUCT_NAME = Bellows;
				SDKROOT = iphoneos;
				SUPPORTED_PLATFORMS = "iphoneos iphonesimulator macosx";
				SUPPORTS_MACCATALYST = NO;
				SUPPORTS_MAC_DESIGNED_FOR_IPHONE_IPAD = NO;
				SWIFT_VERSION = 5.9;
				TARGETED_DEVICE_FAMILY = "1,2";
			};
			name = Release;
		};
		E50000151A00000100000002 /* Debug */ = {
			isa = XCBuildConfiguration;
			buildSettings = {
				ASSETCATALOG_COMPILER_GENERATE_SWIFT_ASSET_SYMBOL_EXTENSIONS = YES;
				CLANG_WARN_BLOCK_CAPTURE_AUTORELEASING = YES;
				CLANG_WARN_BOOL_CONVERSION = YES;
				CLANG_WARN_COMMA = YES;
				CLANG_WARN_CONSTANT_CONVERSION = YES;
				CLANG_WARN_DEPRECATED_OBJC_IMPLEMENTATIONS = YES;
				CLANG_WARN_EMPTY_BODY = YES;
				CLANG_WARN_ENUM_CONVERSION = YES;
				CLANG_WARN_INFINITE_RECURSION = YES;
				CLANG_WARN_INT_CONVERSION = YES;
				CLANG_WARN_NON_LITERAL_NULL_CONVERSION = YES;
				CLANG_WARN_OBJC_IMPLICIT_RETAIN_SELF = YES;
				CLANG_WARN_OBJC_LITERAL_CONVERSION = YES;
				CLANG_WARN_QUOTED_INCLUDE_IN_FRAMEWORK_HEADER = YES;
				CLANG_WARN_RANGE_LOOP_ANALYSIS = YES;
				CLANG_WARN_STRICT_PROTOTYPES = YES;
				CLANG_WARN_SUSPICIOUS_MOVE = YES;
				CLANG_WARN_UNREACHABLE_CODE = YES;
				CLANG_WARN__DUPLICATE_METHOD_MATCH = YES;
				DEVELOPMENT_TEAM = 777XX46HDU;
				ENABLE_STRICT_OBJC_MSGSEND = YES;
				ENABLE_TESTABILITY = YES;
				ENABLE_USER_SCRIPT_SANDBOXING = YES;
				GCC_NO_COMMON_BLOCKS = YES;
				GCC_WARN_64_TO_32_BIT_CONVERSION = YES;
				GCC_WARN_ABOUT_RETURN_TYPE = YES;
				GCC_WARN_UNDECLARED_SELECTOR = YES;
				GCC_WARN_UNINITIALIZED_AUTOS = YES;
				GCC_WARN_UNUSED_FUNCTION = YES;
				GCC_WARN_UNUSED_VARIABLE = YES;
				ONLY_ACTIVE_ARCH = YES;
				STRING_CATALOG_GENERATE_SYMBOLS = YES;
				SWIFT_VERSION = 5.9;
			};
			name = Debug;
		};
		E50000161A00000100000002 /* Release */ = {
			isa = XCBuildConfiguration;
			buildSettings = {
				ASSETCATALOG_COMPILER_GENERATE_SWIFT_ASSET_SYMBOL_EXTENSIONS = YES;
				CLANG_WARN_BLOCK_CAPTURE_AUTORELEASING = YES;
				CLANG_WARN_BOOL_CONVERSION = YES;
				CLANG_WARN_COMMA = YES;
				CLANG_WARN_CONSTANT_CONVERSION = YES;
				CLANG_WARN_DEPRECATED_OBJC_IMPLEMENTATIONS = YES;
				CLANG_WARN_EMPTY_BODY = YES;
				CLANG_WARN_ENUM_CONVERSION = YES;
				CLANG_WARN_INFINITE_RECURSION = YES;
				CLANG_WARN_INT_CONVERSION = YES;
				CLANG_WARN_NON_LITERAL_NULL_CONVERSION = YES;
				CLANG_WARN_OBJC_IMPLICIT_RETAIN_SELF = YES;
				CLANG_WARN_OBJC_LITERAL_CONVERSION = YES;
				CLANG_WARN_QUOTED_INCLUDE_IN_FRAMEWORK_HEADER = YES;
				CLANG_WARN_RANGE_LOOP_ANALYSIS = YES;
				CLANG_WARN_STRICT_PROTOTYPES = YES;
				CLANG_WARN_SUSPICIOUS_MOVE = YES;
				CLANG_WARN_UNREACHABLE_CODE = YES;
				CLANG_WARN__DUPLICATE_METHOD_MATCH = YES;
				DEVELOPMENT_TEAM = 777XX46HDU;
				ENABLE_STRICT_OBJC_MSGSEND = YES;
				GCC_NO_COMMON_BLOCKS = YES;
				GCC_WARN_64_TO_32_BIT_CONVERSION = YES;
				GCC_WARN_ABOUT_RETURN_TYPE = YES;
				GCC_WARN_UNDECLARED_SELECTOR = YES;
				GCC_WARN_UNINITIALIZED_AUTOS = YES;
				GCC_WARN_UNUSED_FUNCTION = YES;
				GCC_WARN_UNUSED_VARIABLE = YES;
				STRING_CATALOG_GENERATE_SYMBOLS = YES;
				SWIFT_COMPILATION_MODE = wholemodule;
				SWIFT_VERSION = 5.9;
			};
			name = Release;
		};
/* End XCBuildConfiguration section */

/* Begin XCConfigurationList section */
		948475102E65FAFE00A1AE4B /* Build configuration list for PBXNativeTarget "BellowsTests" */ = {
			isa = XCConfigurationList;
			buildConfigurations = (
				9484750E2E65FAFE00A1AE4B /* Debug */,
				9484750F2E65FAFE00A1AE4B /* Release */,
			);
			defaultConfigurationIsVisible = 0;
			defaultConfigurationName = Debug;
		};
		E50000141A00000100000001 /* Build configuration list for PBXNativeTarget "Bellows" */ = {
			isa = XCConfigurationList;
			buildConfigurations = (
				E50000111A00000100000002 /* Debug */,
				E50000121A00000100000002 /* Release */,
			);
			defaultConfigurationIsVisible = 0;
			defaultConfigurationName = Debug;
		};
		E50009991A00000100000001 /* Build configuration list for PBXProject "Bellows" */ = {
			isa = XCConfigurationList;
			buildConfigurations = (
				E50000151A00000100000002 /* Debug */,
				E50000161A00000100000002 /* Release */,
			);
			defaultConfigurationIsVisible = 0;
			defaultConfigurationName = Debug;
		};
/* End XCConfigurationList section */
	};
	rootObject = E50000001A00000100000001 /* Project object */;
}
